
Microsoft Visual Studio Solution File, Format Version 12.00
# Visual Studio Version 17
VisualStudioVersion = 17.6.33829.357
MinimumVisualStudioVersion = 10.0.40219.1
Project("{FAE04EC0-301F-11D3-BF4B-00C04F79EFBC}") = "MyWebsite.Server", "Server\MyWebsite.Server.csproj", "{339BF427-96DD-4404-800C-F4067C2CDA96}"
EndProject
Project("{FAE04EC0-301F-11D3-BF4B-00C04F79EFBC}") = "MyWebsite.Client", "Client\MyWebsite.Client.csproj", "{0F88DDBF-9A3B-4EE3-8FF7-4055B3A5F2AF}"
EndProject
Project("{FAE04EC0-301F-11D3-BF4B-00C04F79EFBC}") = "MyWebsite.Shared", "Shared\MyWebsite.Shared.csproj", "{7A10C9C7-86E3-491F-951F-0D7FE3078D8E}"
EndProject
Global
	GlobalSection(SolutionConfigurationPlatforms) = preSolution
		Debug|Any CPU = Debug|Any CPU
		Release|Any CPU = Release|Any CPU
	EndGlobalSection
	GlobalSection(ProjectConfigurationPlatforms) = postSolution
		{339BF427-96DD-4404-800C-F4067C2CDA96}.Debug|Any CPU.ActiveCfg = Debug|Any CPU
		{339BF427-96DD-4404-800C-F4067C2CDA96}.Debug|Any CPU.Build.0 = Debug|Any CPU
		{339BF427-96DD-4404-800C-F4067C2CDA96}.Release|Any CPU.ActiveCfg = Release|Any CPU
		{339BF427-96DD-4404-800C-F4067C2CDA96}.Release|Any CPU.Build.0 = Release|Any CPU
		{0F88DDBF-9A3B-4EE3-8FF7-4055B3A5F2AF}.Debug|Any CPU.ActiveCfg = Debug|Any CPU
		{0F88DDBF-9A3B-4EE3-8FF7-4055B3A5F2AF}.Debug|Any CPU.Build.0 = Debug|Any CPU
		{0F88DDBF-9A3B-4EE3-8FF7-4055B3A5F2AF}.Release|Any CPU.ActiveCfg = Release|Any CPU
		{0F88DDBF-9A3B-4EE3-8FF7-4055B3A5F2AF}.Release|Any CPU.Build.0 = Release|Any CPU
		{7A10C9C7-86E3-491F-951F-0D7FE3078D8E}.Debug|Any CPU.ActiveCfg = Debug|Any CPU
		{7A10C9C7-86E3-491F-951F-0D7FE3078D8E}.Debug|Any CPU.Build.0 = Debug|Any CPU
		{7A10C9C7-86E3-491F-951F-0D7FE3078D8E}.Release|Any CPU.ActiveCfg = Release|Any CPU
		{7A10C9C7-86E3-491F-951F-0D7FE3078D8E}.Release|Any CPU.Build.0 = Release|Any CPU
	EndGlobalSection
	GlobalSection(SolutionProperties) = preSolution
		HideSolutionNode = FALSE
	EndGlobalSection
	GlobalSection(ExtensibilityGlobals) = postSolution
		SolutionGuid = {043CC6EB-A8C5-481F-8641-816A5C5B5742}
	EndGlobalSection
EndGlobal
